{
  "name": "hardhat-project",
  "lockfileVersion": 2,
  "requires": true,
  "packages": {
    "": {
      "name": "hardhat-project",
      "dependencies": {
        "react": "^18.2.0"
      },
      "devDependencies": {
        "@nomicfoundation/hardhat-toolbox": "^4.0.0"
      }
    },
    "node_modules/@nomicfoundation/hardhat-toolbox": {
      "version": "4.0.0",
      "resolved": "https://registry.npmjs.org/@nomicfoundation/hardhat-toolbox/-/hardhat-toolbox-4.0.0.tgz",
      "integrity": "sha512-jhcWHp0aHaL0aDYj8IJl80v4SZXWMS1A2XxXa1CA6pBiFfJKuZinCkO6wb+POAt0LIfXB3gA3AgdcOccrcwBwA==",
      "dev": true,
      "peerDependencies": {
        "@nomicfoundation/hardhat-chai-matchers": "^2.0.0",
        "@nomicfoundation/hardhat-ethers": "^3.0.0",
        "@nomicfoundation/hardhat-network-helpers": "^1.0.0",
        "@nomicfoundation/hardhat-verify": "^2.0.0",
        "@typechain/ethers-v6": "^0.5.0",
        "@typechain/hardhat": "^9.0.0",
        "@types/chai": "^4.2.0",
        "@types/mocha": ">=9.1.0",
        "@types/node": ">=16.0.0",
        "chai": "^4.2.0",
        "ethers": "^6.4.0",
        "hardhat": "^2.11.0",
        "hardhat-gas-reporter": "^1.0.8",
        "solidity-coverage": "^0.8.1",
        "ts-node": ">=8.0.0",
        "typechain": "^8.3.0",
        "typescript": ">=4.5.0"
      }
    },
    "node_modules/js-tokens": {
      "version": "4.0.0",
      "resolved": "https://registry.npmjs.org/js-tokens/-/js-tokens-4.0.0.tgz",
      "integrity": "sha512-RdJUflcE3cUzKiMqQgsCu06FPu9UdIJO0beYbPhHN4k6apgJtifcoCtT9bcxOpYBtpD2kCM6Sbzg4CausW/PKQ=="
    },
    "node_modules/loose-envify": {
      "version": "1.4.0",
      "resolved": "https://registry.npmjs.org/loose-envify/-/loose-envify-1.4.0.tgz",
      "integrity": "sha512-lyuxPGr/Wfhrlem2CL/UcnUc1zcqKAImBDzukY7Y5F/yQiNdko6+fRLevlw1HgMySw7f611UIY408EtxRSoK3Q==",
      "dependencies": {
        "js-tokens": "^3.0.0 || ^4.0.0"
      },
      "bin": {
        "loose-envify": "cli.js"
      }
    },
    "node_modules/react": {
      "version": "18.2.0",
      "resolved": "https://registry.npmjs.org/react/-/react-18.2.0.tgz",
      "integrity": "sha512-/3IjMdb2L9QbBdWiW5e3P2/npwMBaU9mHCSCUzNln0ZCYbcfTsGbTJrU/kGemdH2IWmB2ioZ+zkxtmq6g09fGQ==",
      "dependencies": {
        "loose-envify": "^1.1.0"
      },
      "engines": {
        "node": ">=0.10.0"
      }
    }
  },
  "dependencies": {
    "@nomicfoundation/hardhat-toolbox": {
      "version": "4.0.0",
      "resolved": "https://registry.npmjs.org/@nomicfoundation/hardhat-toolbox/-/hardhat-toolbox-4.0.0.tgz",
      "integrity": "sha512-jhcWHp0aHaL0aDYj8IJl80v4SZXWMS1A2XxXa1CA6pBiFfJKuZinCkO6wb+POAt0LIfXB3gA3AgdcOccrcwBwA==",
      "dev": true
    },
    "js-tokens": {
      "version": "4.0.0",
      "resolved": "https://registry.npmjs.org/js-tokens/-/js-tokens-4.0.0.tgz",
      "integrity": "sha512-RdJUflcE3cUzKiMqQgsCu06FPu9UdIJO0beYbPhHN4k6apgJtifcoCtT9bcxOpYBtpD2kCM6Sbzg4CausW/PKQ=="
    },
    "loose-envify": {
      "version": "1.4.0",
      "resolved": "https://registry.npmjs.org/loose-envify/-/loose-envify-1.4.0.tgz",
      "integrity": "sha512-lyuxPGr/Wfhrlem2CL/UcnUc1zcqKAImBDzukY7Y5F/yQiNdko6+fRLevlw1HgMySw7f611UIY408EtxRSoK3Q==",
      "requires": {
        "js-tokens": "^3.0.0 || ^4.0.0"
      }
    },
    "react": {
      "version": "18.2.0",
      "resolved": "https://registry.npmjs.org/react/-/react-18.2.0.tgz",
      "integrity": "sha512-/3IjMdb2L9QbBdWiW5e3P2/npwMBaU9mHCSCUzNln0ZCYbcfTsGbTJrU/kGemdH2IWmB2ioZ+zkxtmq6g09fGQ==",
      "requires": {
        "loose-envify": "^1.1.0"
      }
    }
  }
}
